
Microsoft Visual Studio Solution File, Format Version 12.00
# Visual Studio Version 17
VisualStudioVersion = 17.14.36301.6 d17.14
MinimumVisualStudioVersion = 10.0.40219.1
Project("{FAE04EC0-301F-11D3-BF4B-00C04F79EFBC}") = "DigitalSignServer", "DigitalSignServer.csproj", "{2C5CADA7-D8AA-48A3-A23F-E6A8B3756674}"
EndProject
Global
	GlobalSection(SolutionConfigurationPlatforms) = preSolution
		Debug|Any CPU = Debug|Any CPU
		Release|Any CPU = Release|Any CPU
	EndGlobalSection
	GlobalSection(ProjectConfigurationPlatforms) = postSolution
		{2C5CADA7-D8AA-48A3-A23F-E6A8B3756674}.Debug|Any CPU.ActiveCfg = Debug|Any CPU
		{2C5CADA7-D8AA-48A3-A23F-E6A8B3756674}.Debug|Any CPU.Build.0 = Debug|Any CPU
		{2C5CADA7-D8AA-48A3-A23F-E6A8B3756674}.Release|Any CPU.ActiveCfg = Release|Any CPU
		{2C5CADA7-D8AA-48A3-A23F-E6A8B3756674}.Release|Any CPU.Build.0 = Release|Any CPU
	EndGlobalSection
	GlobalSection(SolutionProperties) = preSolution
		HideSolutionNode = FALSE
	EndGlobalSection
	GlobalSection(ExtensibilityGlobals) = postSolution
		SolutionGuid = {FC77C64E-CF6F-4714-8E86-7FB39B234386}
	EndGlobalSection
EndGlobal
